
Microsoft Visual Studio Solution File, Format Version 12.00
# Visual Studio 2013
VisualStudioVersion = 12.0.21005.1
MinimumVisualStudioVersion = 10.0.40219.1
Project("{FAE04EC0-301F-11D3-BF4B-00C04F79EFBC}") = "NSP", "NSP\NSP.csproj", "{3E147B0C-243E-4874-9AAD-C98694B7BF13}"
EndProject
Project("{FAE04EC0-301F-11D3-BF4B-00C04F79EFBC}") = "NSP.Model", "NSP.Model\NSP.Model.csproj", "{4E9FA509-9851-4990-8DFE-8FFB081087D2}"
EndProject
Project("{FAE04EC0-301F-11D3-BF4B-00C04F79EFBC}") = "NSP.Common", "NSP.Common\NSP.Common.csproj", "{1C6F8BF5-B665-4E76-B007-91B178C04A11}"
EndProject
Project("{FAE04EC0-301F-11D3-BF4B-00C04F79EFBC}") = "NSP.Dal", "NSP.Dal\NSP.Dal.csproj", "{A3AC3EAD-0B38-482F-A151-1871E868CCD3}"
EndProject
Project("{FAE04EC0-301F-11D3-BF4B-00C04F79EFBC}") = "NSP.Bll", "NSP.Bll\NSP.Bll.csproj", "{29D2CDC5-D0A3-4F55-9138-518A0828C623}"
EndProject
Project("{FAE04EC0-301F-11D3-BF4B-00C04F79EFBC}") = "NSP.VerifyManager", "NSP.VerifyManager\NSP.VerifyManager.csproj", "{C1241407-B051-4E13-BE3B-CE52616A0143}"
EndProject
Project("{FAE04EC0-301F-11D3-BF4B-00C04F79EFBC}") = "NSP.Reference", "NSP.Reference\NSP.Reference.csproj", "{CE126979-B1D3-41D4-9AAE-5B760D5C775E}"
EndProject
Global
	GlobalSection(SolutionConfigurationPlatforms) = preSolution
		Debug|Any CPU = Debug|Any CPU
		Release|Any CPU = Release|Any CPU
	EndGlobalSection
	GlobalSection(ProjectConfigurationPlatforms) = postSolution
		{3E147B0C-243E-4874-9AAD-C98694B7BF13}.Debug|Any CPU.ActiveCfg = Debug|Any CPU
		{3E147B0C-243E-4874-9AAD-C98694B7BF13}.Debug|Any CPU.Build.0 = Debug|Any CPU
		{3E147B0C-243E-4874-9AAD-C98694B7BF13}.Release|Any CPU.ActiveCfg = Release|Any CPU
		{3E147B0C-243E-4874-9AAD-C98694B7BF13}.Release|Any CPU.Build.0 = Release|Any CPU
		{4E9FA509-9851-4990-8DFE-8FFB081087D2}.Debug|Any CPU.ActiveCfg = Debug|Any CPU
		{4E9FA509-9851-4990-8DFE-8FFB081087D2}.Debug|Any CPU.Build.0 = Debug|Any CPU
		{4E9FA509-9851-4990-8DFE-8FFB081087D2}.Release|Any CPU.ActiveCfg = Release|Any CPU
		{4E9FA509-9851-4990-8DFE-8FFB081087D2}.Release|Any CPU.Build.0 = Release|Any CPU
		{1C6F8BF5-B665-4E76-B007-91B178C04A11}.Debug|Any CPU.ActiveCfg = Debug|Any CPU
		{1C6F8BF5-B665-4E76-B007-91B178C04A11}.Debug|Any CPU.Build.0 = Debug|Any CPU
		{1C6F8BF5-B665-4E76-B007-91B178C04A11}.Release|Any CPU.ActiveCfg = Release|Any CPU
		{1C6F8BF5-B665-4E76-B007-91B178C04A11}.Release|Any CPU.Build.0 = Release|Any CPU
		{A3AC3EAD-0B38-482F-A151-1871E868CCD3}.Debug|Any CPU.ActiveCfg = Debug|Any CPU
		{A3AC3EAD-0B38-482F-A151-1871E868CCD3}.Debug|Any CPU.Build.0 = Debug|Any CPU
		{A3AC3EAD-0B38-482F-A151-1871E868CCD3}.Release|Any CPU.ActiveCfg = Release|Any CPU
		{A3AC3EAD-0B38-482F-A151-1871E868CCD3}.Release|Any CPU.Build.0 = Release|Any CPU
		{29D2CDC5-D0A3-4F55-9138-518A0828C623}.Debug|Any CPU.ActiveCfg = Debug|Any CPU
		{29D2CDC5-D0A3-4F55-9138-518A0828C623}.Debug|Any CPU.Build.0 = Debug|Any CPU
		{29D2CDC5-D0A3-4F55-9138-518A0828C623}.Release|Any CPU.ActiveCfg = Release|Any CPU
		{29D2CDC5-D0A3-4F55-9138-518A0828C623}.Release|Any CPU.Build.0 = Release|Any CPU
		{C1241407-B051-4E13-BE3B-CE52616A0143}.Debug|Any CPU.ActiveCfg = Debug|Any CPU
		{C1241407-B051-4E13-BE3B-CE52616A0143}.Debug|Any CPU.Build.0 = Debug|Any CPU
		{C1241407-B051-4E13-BE3B-CE52616A0143}.Release|Any CPU.ActiveCfg = Release|Any CPU
		{C1241407-B051-4E13-BE3B-CE52616A0143}.Release|Any CPU.Build.0 = Release|Any CPU
		{CE126979-B1D3-41D4-9AAE-5B760D5C775E}.Debug|Any CPU.ActiveCfg = Debug|Any CPU
		{CE126979-B1D3-41D4-9AAE-5B760D5C775E}.Debug|Any CPU.Build.0 = Debug|Any CPU
		{CE126979-B1D3-41D4-9AAE-5B760D5C775E}.Release|Any CPU.ActiveCfg = Release|Any CPU
		{CE126979-B1D3-41D4-9AAE-5B760D5C775E}.Release|Any CPU.Build.0 = Release|Any CPU
	EndGlobalSection
	GlobalSection(SolutionProperties) = preSolution
		HideSolutionNode = FALSE
	EndGlobalSection
EndGlobal
